
Microsoft Visual Studio Solution File, Format Version 12.00
# Visual Studio Version 16
VisualStudioVersion = 16.0.29326.143
MinimumVisualStudioVersion = 10.0.40219.1
Project("{FAE04EC0-301F-11D3-BF4B-00C04F79EFBC}") = "ProjetoDesafio", "ProjetoDesafio.csproj", "{13D5D20E-099C-42FA-976B-F824504B1802}"
EndProject
Global
	GlobalSection(SolutionConfigurationPlatforms) = preSolution
		Debug|Any CPU = Debug|Any CPU
		Release|Any CPU = Release|Any CPU
	EndGlobalSection
	GlobalSection(ProjectConfigurationPlatforms) = postSolution
		{13D5D20E-099C-42FA-976B-F824504B1802}.Debug|Any CPU.ActiveCfg = Debug|Any CPU
		{13D5D20E-099C-42FA-976B-F824504B1802}.Debug|Any CPU.Build.0 = Debug|Any CPU
		{13D5D20E-099C-42FA-976B-F824504B1802}.Release|Any CPU.ActiveCfg = Release|Any CPU
		{13D5D20E-099C-42FA-976B-F824504B1802}.Release|Any CPU.Build.0 = Release|Any CPU
	EndGlobalSection
	GlobalSection(SolutionProperties) = preSolution
		HideSolutionNode = FALSE
	EndGlobalSection
	GlobalSection(ExtensibilityGlobals) = postSolution
		SolutionGuid = {D28EA96B-FA20-43FA-92B6-F14CE11F13D0}
	EndGlobalSection
EndGlobal
